{
  "lockfileVersion": 1,
  "workspaces": {
    "": {
      "name": "quantum-pipeline-api",
      "dependencies": {
        "hono": "^4.0.0",
      },
    },
  },
  "packages": {
    "hono": ["hono@4.12.7", "", {}, "sha512-jq9l1DM0zVIvsm3lv9Nw9nlJnMNPOcAtsbsgiUhWcFzPE99Gvo6yRTlszSLLYacMeQ6quHD6hMfId8crVHvexw=="],
  }
}
